
Microsoft Visual Studio Solution File, Format Version 12.00
# Visual Studio Version 16
VisualStudioVersion = 16.0.31424.327
MinimumVisualStudioVersion = 10.0.40219.1
Project("{FAE04EC0-301F-11D3-BF4B-00C04F79EFBC}") = "SnakeGame", "SnakeGame\SnakeGame.csproj", "{09DEF6AA-C19B-48FF-96E0-582815229B8D}"
EndProject
Global
	GlobalSection(SolutionConfigurationPlatforms) = preSolution
		Debug|Any CPU = Debug|Any CPU
		Release|Any CPU = Release|Any CPU
	EndGlobalSection
	GlobalSection(ProjectConfigurationPlatforms) = postSolution
		{09DEF6AA-C19B-48FF-96E0-582815229B8D}.Debug|Any CPU.ActiveCfg = Debug|Any CPU
		{09DEF6AA-C19B-48FF-96E0-582815229B8D}.Debug|Any CPU.Build.0 = Debug|Any CPU
		{09DEF6AA-C19B-48FF-96E0-582815229B8D}.Release|Any CPU.ActiveCfg = Release|Any CPU
		{09DEF6AA-C19B-48FF-96E0-582815229B8D}.Release|Any CPU.Build.0 = Release|Any CPU
	EndGlobalSection
	GlobalSection(SolutionProperties) = preSolution
		HideSolutionNode = FALSE
	EndGlobalSection
	GlobalSection(ExtensibilityGlobals) = postSolution
		SolutionGuid = {66361C88-80F6-4D61-847C-6933255E696D}
	EndGlobalSection
EndGlobal
